// !$*UTF8*$!
{
	archiveVersion = 1;
	classes = {
	};
	objectVersion = 56;
	objects = {

/* Begin PBXBuildFile section */
		040B74A629D89C5200EC541E /* Settings.swift in Sources */ = {isa = PBXBuildFile; fileRef = 040B74A529D89C5200EC541E /* Settings.swift */; };
		04E1EF7629D864DB0087B3D6 /* SFBApp.swift in Sources */ = {isa = PBXBuildFile; fileRef = 04E1EF7529D864DB0087B3D6 /* SFBApp.swift */; };
		04E1EF7829D864DB0087B3D6 /* ContentView.swift in Sources */ = {isa = PBXBuildFile; fileRef = 04E1EF7729D864DB0087B3D6 /* ContentView.swift */; };
		04E1EF7A29D864DD0087B3D6 /* Assets.xcassets in Resources */ = {isa = PBXBuildFile; fileRef = 04E1EF7929D864DD0087B3D6 /* Assets.xcassets */; };
		04E1EF7D29D864DD0087B3D6 /* Preview Assets.xcassets in Resources */ = {isa = PBXBuildFile; fileRef = 04E1EF7C29D864DD0087B3D6 /* Preview Assets.xcassets */; };
		04E1EF8429D866F10087B3D6 /* GoogleService-Info.plist in Resources */ = {isa = PBXBuildFile; fileRef = 04E1EF8329D866F10087B3D6 /* GoogleService-Info.plist */; };
		04E1EF8729D86C210087B3D6 /* FirebaseAnalytics in Frameworks */ = {isa = PBXBuildFile; productRef = 04E1EF8629D86C210087B3D6 /* FirebaseAnalytics */; };
		04E1EF8929D86C210087B3D6 /* FirebaseAnalyticsSwift in Frameworks */ = {isa = PBXBuildFile; productRef = 04E1EF8829D86C210087B3D6 /* FirebaseAnalyticsSwift */; };
		04E1EF8C29D874470087B3D6 /* FirebaseAuth in Frameworks */ = {isa = PBXBuildFile; productRef = 04E1EF8B29D874470087B3D6 /* FirebaseAuth */; };
		04E1EF8F29D875700087B3D6 /* Login.swift in Sources */ = {isa = PBXBuildFile; fileRef = 04E1EF8E29D875700087B3D6 /* Login.swift */; };
		04E1EF9129D87E1B0087B3D6 /* SignInEmailView.swift in Sources */ = {isa = PBXBuildFile; fileRef = 04E1EF9029D87E1B0087B3D6 /* SignInEmailView.swift */; };
		04E1EF9329D88AAD0087B3D6 /* AuthenticationManager.swift in Sources */ = {isa = PBXBuildFile; fileRef = 04E1EF9229D88AAD0087B3D6 /* AuthenticationManager.swift */; };
/* End PBXBuildFile section */

/* Begin PBXFileReference section */
		040B74A529D89C5200EC541E /* Settings.swift */ = {isa = PBXFileReference; lastKnownFileType = sourcecode.swift; path = Settings.swift; sourceTree = "<group>"; };
		04E1EF7229D864DB0087B3D6 /* SFB.app */ = {isa = PBXFileReference; explicitFileType = wrapper.application; includeInIndex = 0; path = SFB.app; sourceTree = BUILT_PRODUCTS_DIR; };
		04E1EF7529D864DB0087B3D6 /* SFBApp.swift */ = {isa = PBXFileReference; lastKnownFileType = sourcecode.swift; path = SFBApp.swift; sourceTree = "<group>"; };
		04E1EF7729D864DB0087B3D6 /* ContentView.swift */ = {isa = PBXFileReference; lastKnownFileType = sourcecode.swift; path = ContentView.swift; sourceTree = "<group>"; };
		04E1EF7929D864DD0087B3D6 /* Assets.xcassets */ = {isa = PBXFileReference; lastKnownFileType = folder.assetcatalog; path = Assets.xcassets; sourceTree = "<group>"; };
		04E1EF7C29D864DD0087B3D6 /* Preview Assets.xcassets */ = {isa = PBXFileReference; lastKnownFileType = folder.assetcatalog; path = "Preview Assets.xcassets"; sourceTree = "<group>"; };
		04E1EF8329D866F10087B3D6 /* GoogleService-Info.plist */ = {isa = PBXFileReference; fileEncoding = 4; lastKnownFileType = text.plist.xml; path = "GoogleService-Info.plist"; sourceTree = "<group>"; };
		04E1EF8E29D875700087B3D6 /* Login.swift */ = {isa = PBXFileReference; lastKnownFileType = sourcecode.swift; path = Login.swift; sourceTree = "<group>"; };
		04E1EF9029D87E1B0087B3D6 /* SignInEmailView.swift */ = {isa = PBXFileReference; lastKnownFileType = sourcecode.swift; path = SignInEmailView.swift; sourceTree = "<group>"; };
		04E1EF9229D88AAD0087B3D6 /* AuthenticationManager.swift */ = {isa = PBXFileReference; lastKnownFileType = sourcecode.swift; path = AuthenticationManager.swift; sourceTree = "<group>"; };
/* End PBXFileReference section */

/* Begin PBXFrameworksBuildPhase section */
		04E1EF6F29D864DB0087B3D6 /* Frameworks */ = {
			isa = PBXFrameworksBuildPhase;
			buildActionMask = 2147483647;
			files = (
				04E1EF8929D86C210087B3D6 /* FirebaseAnalyticsSwift in Frameworks */,
				04E1EF8C29D874470087B3D6 /* FirebaseAuth in Frameworks */,
				04E1EF8729D86C210087B3D6 /* FirebaseAnalytics in Frameworks */,
			);
			runOnlyForDeploymentPostprocessing = 0;
		};
/* End PBXFrameworksBuildPhase section */

/* Begin PBXGroup section */
		04E1EF6929D864DB0087B3D6 = {
			isa = PBXGroup;
			children = (
				04E1EF7429D864DB0087B3D6 /* SFB */,
				04E1EF7329D864DB0087B3D6 /* Products */,
				04E1EF8A29D874470087B3D6 /* Frameworks */,
			);
			sourceTree = "<group>";
		};
		04E1EF7329D864DB0087B3D6 /* Products */ = {
			isa = PBXGroup;
			children = (
				04E1EF7229D864DB0087B3D6 /* SFB.app */,
			);
			name = Products;
			sourceTree = "<group>";
		};
		04E1EF7429D864DB0087B3D6 /* SFB */ = {
			isa = PBXGroup;
			children = (
				04E1EF8D29D875500087B3D6 /* authontication */,
				04E1EF7529D864DB0087B3D6 /* SFBApp.swift */,
				04E1EF7729D864DB0087B3D6 /* ContentView.swift */,
				04E1EF8329D866F10087B3D6 /* GoogleService-Info.plist */,
				04E1EF7929D864DD0087B3D6 /* Assets.xcassets */,
				04E1EF7B29D864DD0087B3D6 /* Preview Content */,
				040B74A529D89C5200EC541E /* Settings.swift */,
			);
			path = SFB;
			sourceTree = "<group>";
		};
		04E1EF7B29D864DD0087B3D6 /* Preview Content */ = {
			isa = PBXGroup;
			children = (
				04E1EF7C29D864DD0087B3D6 /* Preview Assets.xcassets */,
			);
			path = "Preview Content";
			sourceTree = "<group>";
		};
		04E1EF8A29D874470087B3D6 /* Frameworks */ = {
			isa = PBXGroup;
			children = (
			);
			name = Frameworks;
			sourceTree = "<group>";
		};
		04E1EF8D29D875500087B3D6 /* authontication */ = {
			isa = PBXGroup;
			children = (
				04E1EF8E29D875700087B3D6 /* Login.swift */,
				04E1EF9029D87E1B0087B3D6 /* SignInEmailView.swift */,
				04E1EF9229D88AAD0087B3D6 /* AuthenticationManager.swift */,
			);
			path = authontication;
			sourceTree = "<group>";
		};
/* End PBXGroup section */

/* Begin PBXNativeTarget section */
		04E1EF7129D864DB0087B3D6 /* SFB */ = {
			isa = PBXNativeTarget;
			buildConfigurationList = 04E1EF8029D864DD0087B3D6 /* Build configuration list for PBXNativeTarget "SFB" */;
			buildPhases = (
				04E1EF6E29D864DB0087B3D6 /* Sources */,
				04E1EF6F29D864DB0087B3D6 /* Frameworks */,
				04E1EF7029D864DB0087B3D6 /* Resources */,
			);
			buildRules = (
			);
			dependencies = (
			);
			name = SFB;
			packageProductDependencies = (
				04E1EF8629D86C210087B3D6 /* FirebaseAnalytics */,
				04E1EF8829D86C210087B3D6 /* FirebaseAnalyticsSwift */,
				04E1EF8B29D874470087B3D6 /* FirebaseAuth */,
			);
			productName = SFB;
			productReference = 04E1EF7229D864DB0087B3D6 /* SFB.app */;
			productType = "com.apple.product-type.application";
		};
/* End PBXNativeTarget section */

/* Begin PBXProject section */
		04E1EF6A29D864DB0087B3D6 /* Project object */ = {
			isa = PBXProject;
			attributes = {
				BuildIndependentTargetsInParallel = 1;
				LastSwiftUpdateCheck = 1420;
				LastUpgradeCheck = 1420;
				TargetAttributes = {
					04E1EF7129D864DB0087B3D6 = {
						CreatedOnToolsVersion = 14.2;
					};
				};
			};
			buildConfigurationList = 04E1EF6D29D864DB0087B3D6 /* Build configuration list for PBXProject "SFB" */;
			compatibilityVersion = "Xcode 14.0";
			developmentRegion = en;
			hasScannedForEncodings = 0;
			knownRegions = (
				en,
				Base,
			);
			mainGroup = 04E1EF6929D864DB0087B3D6;
			packageReferences = (
				04E1EF8529D86C210087B3D6 /* XCRemoteSwiftPackageReference "firebase-ios-sdk" */,
			);
			productRefGroup = 04E1EF7329D864DB0087B3D6 /* Products */;
			projectDirPath = "";
			projectRoot = "";
			targets = (
				04E1EF7129D864DB0087B3D6 /* SFB */,
			);
		};
/* End PBXProject section */

/* Begin PBXResourcesBuildPhase section */
		04E1EF7029D864DB0087B3D6 /* Resources */ = {
			isa = PBXResourcesBuildPhase;
			buildActionMask = 2147483647;
			files = (
				04E1EF7D29D864DD0087B3D6 /* Preview Assets.xcassets in Resources */,
				04E1EF7A29D864DD0087B3D6 /* Assets.xcassets in Resources */,
				04E1EF8429D866F10087B3D6 /* GoogleService-Info.plist in Resources */,
			);
			runOnlyForDeploymentPostprocessing = 0;
		};
/* End PBXResourcesBuildPhase section */

/* Begin PBXSourcesBuildPhase section */
		04E1EF6E29D864DB0087B3D6 /* Sources */ = {
			isa = PBXSourcesBuildPhase;
			buildActionMask = 2147483647;
			files = (
				040B74A629D89C5200EC541E /* Settings.swift in Sources */,
				04E1EF8F29D875700087B3D6 /* Login.swift in Sources */,
				04E1EF9329D88AAD0087B3D6 /* AuthenticationManager.swift in Sources */,
				04E1EF7829D864DB0087B3D6 /* ContentView.swift in Sources */,
				04E1EF7629D864DB0087B3D6 /* SFBApp.swift in Sources */,
				04E1EF9129D87E1B0087B3D6 /* SignInEmailView.swift in Sources */,
			);
			runOnlyForDeploymentPostprocessing = 0;
		};
/* End PBXSourcesBuildPhase section */

/* Begin XCBuildConfiguration section */
		04E1EF7E29D864DD0087B3D6 /* Debug */ = {
			isa = XCBuildConfiguration;
			buildSettings = {
				ALWAYS_SEARCH_USER_PATHS = NO;
				CLANG_ANALYZER_NONNULL = YES;
				CLANG_ANALYZER_NUMBER_OBJECT_CONVERSION = YES_AGGRESSIVE;
				CLANG_CXX_LANGUAGE_STANDARD = "gnu++20";
				CLANG_ENABLE_MODULES = YES;
				CLANG_ENABLE_OBJC_ARC = YES;
				CLANG_ENABLE_OBJC_WEAK = YES;
				CLANG_WARN_BLOCK_CAPTURE_AUTORELEASING = YES;
				CLANG_WARN_BOOL_CONVERSION = YES;
				CLANG_WARN_COMMA = YES;
				CLANG_WARN_CONSTANT_CONVERSION = YES;
				CLANG_WARN_DEPRECATED_OBJC_IMPLEMENTATIONS = YES;
				CLANG_WARN_DIRECT_OBJC_ISA_USAGE = YES_ERROR;
				CLANG_WARN_DOCUMENTATION_COMMENTS = YES;
				CLANG_WARN_EMPTY_BODY = YES;
				CLANG_WARN_ENUM_CONVERSION = YES;
				CLANG_WARN_INFINITE_RECURSION = YES;
				CLANG_WARN_INT_CONVERSION = YES;
				CLANG_WARN_NON_LITERAL_NULL_CONVERSION = YES;
				CLANG_WARN_OBJC_IMPLICIT_RETAIN_SELF = YES;
				CLANG_WARN_OBJC_LITERAL_CONVERSION = YES;
				CLANG_WARN_OBJC_ROOT_CLASS = YES_ERROR;
				CLANG_WARN_QUOTED_INCLUDE_IN_FRAMEWORK_HEADER = YES;
				CLANG_WARN_RANGE_LOOP_ANALYSIS = YES;
				CLANG_WARN_STRICT_PROTOTYPES = YES;
				CLANG_WARN_SUSPICIOUS_MOVE = YES;
				CLANG_WARN_UNGUARDED_AVAILABILITY = YES_AGGRESSIVE;
				CLANG_WARN_UNREACHABLE_CODE = YES;
				CLANG_WARN__DUPLICATE_METHOD_MATCH = YES;
				COPY_PHASE_STRIP = NO;
				DEBUG_INFORMATION_FORMAT = dwarf;
				ENABLE_STRICT_OBJC_MSGSEND = YES;
				ENABLE_TESTABILITY = YES;
				GCC_C_LANGUAGE_STANDARD = gnu11;
				GCC_DYNAMIC_NO_PIC = NO;
				GCC_NO_COMMON_BLOCKS = YES;
				GCC_OPTIMIZATION_LEVEL = 0;
				GCC_PREPROCESSOR_DEFINITIONS = (
					"DEBUG=1",
					"$(inherited)",
				);
				GCC_WARN_64_TO_32_BIT_CONVERSION = YES;
				GCC_WARN_ABOUT_RETURN_TYPE = YES_ERROR;
				GCC_WARN_UNDECLARED_SELECTOR = YES;
				GCC_WARN_UNINITIALIZED_AUTOS = YES_AGGRESSIVE;
				GCC_WARN_UNUSED_FUNCTION = YES;
				GCC_WARN_UNUSED_VARIABLE = YES;
				IPHONEOS_DEPLOYMENT_TARGET = 16.2;
				MTL_ENABLE_DEBUG_INFO = INCLUDE_SOURCE;
				MTL_FAST_MATH = YES;
				ONLY_ACTIVE_ARCH = YES;
				SDKROOT = iphoneos;
				SWIFT_ACTIVE_COMPILATION_CONDITIONS = DEBUG;
				SWIFT_OPTIMIZATION_LEVEL = "-Onone";
			};
			name = Debug;
		};
		04E1EF7F29D864DD0087B3D6 /* Release */ = {
			isa = XCBuildConfiguration;
			buildSettings = {
				ALWAYS_SEARCH_USER_PATHS = NO;
				CLANG_ANALYZER_NONNULL = YES;
				CLANG_ANALYZER_NUMBER_OBJECT_CONVERSION = YES_AGGRESSIVE;
				CLANG_CXX_LANGUAGE_STANDARD = "gnu++20";
				CLANG_ENABLE_MODULES = YES;
				CLANG_ENABLE_OBJC_ARC = YES;
				CLANG_ENABLE_OBJC_WEAK = YES;
				CLANG_WARN_BLOCK_CAPTURE_AUTORELEASING = YES;
				CLANG_WARN_BOOL_CONVERSION = YES;
				CLANG_WARN_COMMA = YES;
				CLANG_WARN_CONSTANT_CONVERSION = YES;
				CLANG_WARN_DEPRECATED_OBJC_IMPLEMENTATIONS = YES;
				CLANG_WARN_DIRECT_OBJC_ISA_USAGE = YES_ERROR;
				CLANG_WARN_DOCUMENTATION_COMMENTS = YES;
				CLANG_WARN_EMPTY_BODY = YES;
				CLANG_WARN_ENUM_CONVERSION = YES;
				CLANG_WARN_INFINITE_RECURSION = YES;
				CLANG_WARN_INT_CONVERSION = YES;
				CLANG_WARN_NON_LITERAL_NULL_CONVERSION = YES;
				CLANG_WARN_OBJC_IMPLICIT_RETAIN_SELF = YES;
				CLANG_WARN_OBJC_LITERAL_CONVERSION = YES;
				CLANG_WARN_OBJC_ROOT_CLASS = YES_ERROR;
				CLANG_WARN_QUOTED_INCLUDE_IN_FRAMEWORK_HEADER = YES;
				CLANG_WARN_RANGE_LOOP_ANALYSIS = YES;
				CLANG_WARN_STRICT_PROTOTYPES = YES;
				CLANG_WARN_SUSPICIOUS_MOVE = YES;
				CLANG_WARN_UNGUARDED_AVAILABILITY = YES_AGGRESSIVE;
				CLANG_WARN_UNREACHABLE_CODE = YES;
				CLANG_WARN__DUPLICATE_METHOD_MATCH = YES;
				COPY_PHASE_STRIP = NO;
				DEBUG_INFORMATION_FORMAT = "dwarf-with-dsym";
				ENABLE_NS_ASSERTIONS = NO;
				ENABLE_STRICT_OBJC_MSGSEND = YES;
				GCC_C_LANGUAGE_STANDARD = gnu11;
				GCC_NO_COMMON_BLOCKS = YES;
				GCC_WARN_64_TO_32_BIT_CONVERSION = YES;
				GCC_WARN_ABOUT_RETURN_TYPE = YES_ERROR;
				GCC_WARN_UNDECLARED_SELECTOR = YES;
				GCC_WARN_UNINITIALIZED_AUTOS = YES_AGGRESSIVE;
				GCC_WARN_UNUSED_FUNCTION = YES;
				GCC_WARN_UNUSED_VARIABLE = YES;
				IPHONEOS_DEPLOYMENT_TARGET = 16.2;
				MTL_ENABLE_DEBUG_INFO = NO;
				MTL_FAST_MATH = YES;
				SDKROOT = iphoneos;
				SWIFT_COMPILATION_MODE = wholemodule;
				SWIFT_OPTIMIZATION_LEVEL = "-O";
				VALIDATE_PRODUCT = YES;
			};
			name = Release;
		};
		04E1EF8129D864DD0087B3D6 /* Debug */ = {
			isa = XCBuildConfiguration;
			buildSettings = {
				ASSETCATALOG_COMPILER_APPICON_NAME = AppIcon;
				ASSETCATALOG_COMPILER_GLOBAL_ACCENT_COLOR_NAME = AccentColor;
				CODE_SIGN_STYLE = Automatic;
				CURRENT_PROJECT_VERSION = 1;
				DEVELOPMENT_ASSET_PATHS = "\"SFB/Preview Content\"";
				DEVELOPMENT_TEAM = SB2Z3N5TCP;
				ENABLE_PREVIEWS = YES;
				GENERATE_INFOPLIST_FILE = YES;
				INFOPLIST_KEY_UIApplicationSceneManifest_Generation = YES;
				INFOPLIST_KEY_UIApplicationSupportsIndirectInputEvents = YES;
				INFOPLIST_KEY_UILaunchScreen_Generation = YES;
				INFOPLIST_KEY_UISupportedInterfaceOrientations_iPad = "UIInterfaceOrientationPortrait UIInterfaceOrientationPortraitUpsideDown UIInterfaceOrientationLandscapeLeft UIInterfaceOrientationLandscapeRight";
				INFOPLIST_KEY_UISupportedInterfaceOrientations_iPhone = "UIInterfaceOrientationPortrait UIInterfaceOrientationLandscapeLeft UIInterfaceOrientationLandscapeRight";
				LD_RUNPATH_SEARCH_PATHS = (
					"$(inherited)",
					"@executable_path/Frameworks",
				);
				MARKETING_VERSION = 1.0;
				PRODUCT_BUNDLE_IDENTIFIER = amir.dev.SFB;
				PRODUCT_NAME = "$(TARGET_NAME)";
				SWIFT_EMIT_LOC_STRINGS = YES;
				SWIFT_VERSION = 5.0;
				TARGETED_DEVICE_FAMILY = "1,2";
			};
			name = Debug;
		};
		04E1EF8229D864DD0087B3D6 /* Release */ = {
			isa = XCBuildConfiguration;
			buildSettings = {
				ASSETCATALOG_COMPILER_APPICON_NAME = AppIcon;
				ASSETCATALOG_COMPILER_GLOBAL_ACCENT_COLOR_NAME = AccentColor;
				CODE_SIGN_STYLE = Automatic;
				CURRENT_PROJECT_VERSION = 1;
				DEVELOPMENT_ASSET_PATHS = "\"SFB/Preview Content\"";
				DEVELOPMENT_TEAM = SB2Z3N5TCP;
				ENABLE_PREVIEWS = YES;
				GENERATE_INFOPLIST_FILE = YES;
				INFOPLIST_KEY_UIApplicationSceneManifest_Generation = YES;
				INFOPLIST_KEY_UIApplicationSupportsIndirectInputEvents = YES;
				INFOPLIST_KEY_UILaunchScreen_Generation = YES;
				INFOPLIST_KEY_UISupportedInterfaceOrientations_iPad = "UIInterfaceOrientationPortrait UIInterfaceOrientationPortraitUpsideDown UIInterfaceOrientationLandscapeLeft UIInterfaceOrientationLandscapeRight";
				INFOPLIST_KEY_UISupportedInterfaceOrientations_iPhone = "UIInterfaceOrientationPortrait UIInterfaceOrientationLandscapeLeft UIInterfaceOrientationLandscapeRight";
				LD_RUNPATH_SEARCH_PATHS = (
					"$(inherited)",
					"@executable_path/Frameworks",
				);
				MARKETING_VERSION = 1.0;
				PRODUCT_BUNDLE_IDENTIFIER = amir.dev.SFB;
				PRODUCT_NAME = "$(TARGET_NAME)";
				SWIFT_EMIT_LOC_STRINGS = YES;
				SWIFT_VERSION = 5.0;
				TARGETED_DEVICE_FAMILY = "1,2";
			};
			name = Release;
		};
/* End XCBuildConfiguration section */

/* Begin XCConfigurationList section */
		04E1EF6D29D864DB0087B3D6 /* Build configuration list for PBXProject "SFB" */ = {
			isa = XCConfigurationList;
			buildConfigurations = (
				04E1EF7E29D864DD0087B3D6 /* Debug */,
				04E1EF7F29D864DD0087B3D6 /* Release */,
			);
			defaultConfigurationIsVisible = 0;
			defaultConfigurationName = Release;
		};
		04E1EF8029D864DD0087B3D6 /* Build configuration list for PBXNativeTarget "SFB" */ = {
			isa = XCConfigurationList;
			buildConfigurations = (
				04E1EF8129D864DD0087B3D6 /* Debug */,
				04E1EF8229D864DD0087B3D6 /* Release */,
			);
			defaultConfigurationIsVisible = 0;
			defaultConfigurationName = Release;
		};
/* End XCConfigurationList section */

/* Begin XCRemoteSwiftPackageReference section */
		04E1EF8529D86C210087B3D6 /* XCRemoteSwiftPackageReference "firebase-ios-sdk" */ = {
			isa = XCRemoteSwiftPackageReference;
			repositoryURL = "https://github.com/firebase/firebase-ios-sdk";
			requirement = {
				kind = exactVersion;
				version = 10.7.0;
			};
		};
/* End XCRemoteSwiftPackageReference section */

/* Begin XCSwiftPackageProductDependency section */
		04E1EF8629D86C210087B3D6 /* FirebaseAnalytics */ = {
			isa = XCSwiftPackageProductDependency;
			package = 04E1EF8529D86C210087B3D6 /* XCRemoteSwiftPackageReference "firebase-ios-sdk" */;
			productName = FirebaseAnalytics;
		};
		04E1EF8829D86C210087B3D6 /* FirebaseAnalyticsSwift */ = {
			isa = XCSwiftPackageProductDependency;
			package = 04E1EF8529D86C210087B3D6 /* XCRemoteSwiftPackageReference "firebase-ios-sdk" */;
			productName = FirebaseAnalyticsSwift;
		};
		04E1EF8B29D874470087B3D6 /* FirebaseAuth */ = {
			isa = XCSwiftPackageProductDependency;
			package = 04E1EF8529D86C210087B3D6 /* XCRemoteSwiftPackageReference "firebase-ios-sdk" */;
			productName = FirebaseAuth;
		};
/* End XCSwiftPackageProductDependency section */
	};
	rootObject = 04E1EF6A29D864DB0087B3D6 /* Project object */;
}
